
Microsoft Visual Studio Solution File, Format Version 12.00
# Visual Studio Version 17
VisualStudioVersion = 17.0.32126.317
MinimumVisualStudioVersion = 10.0.40219.1
Project("{FAE04EC0-301F-11D3-BF4B-00C04F79EFBC}") = "Telemetri", "Telemetri\Telemetri.csproj", "{89D9C6BF-589C-42E7-982C-43657FB2CED4}"
EndProject
Global
	GlobalSection(SolutionConfigurationPlatforms) = preSolution
		Debug|Any CPU = Debug|Any CPU
		Release|Any CPU = Release|Any CPU
	EndGlobalSection
	GlobalSection(ProjectConfigurationPlatforms) = postSolution
		{89D9C6BF-589C-42E7-982C-43657FB2CED4}.Debug|Any CPU.ActiveCfg = Debug|Any CPU
		{89D9C6BF-589C-42E7-982C-43657FB2CED4}.Debug|Any CPU.Build.0 = Debug|Any CPU
		{89D9C6BF-589C-42E7-982C-43657FB2CED4}.Release|Any CPU.ActiveCfg = Release|Any CPU
		{89D9C6BF-589C-42E7-982C-43657FB2CED4}.Release|Any CPU.Build.0 = Release|Any CPU
	EndGlobalSection
	GlobalSection(SolutionProperties) = preSolution
		HideSolutionNode = FALSE
	EndGlobalSection
	GlobalSection(ExtensibilityGlobals) = postSolution
		SolutionGuid = {F5D85354-A706-407F-9581-D7458FF3478B}
	EndGlobalSection
EndGlobal
